<?xml version="1.0" encoding="utf-8"?>
<Project ToolsVersion="4.0" xmlns="http://schemas.microsoft.com/developer/msbuild/2003">
  <ItemGroup>
    <Filter Include="Include">
      <UniqueIdentifier>{2ee53ac6-d890-45ae-ac35-7ce8a14fc361}</UniqueIdentifier>
    </Filter>
    <Filter Include="Source">
      <UniqueIdentifier>{131ddcd3-0ed2-4763-bd61-63f7e3ea7ad1}</UniqueIdentifier>
    </Filter>
  </ItemGroup>
  <ItemGroup>
    <ClCompile Include="Interface.cpp">
      <Filter>Source</Filter>
    </ClCompile>
    <ClCompile Include="Histogram.cpp">
      <Filter>Source</Filter>
    </ClCompile>
  </ItemGroup>
  <ItemGroup>
    <ClInclude Include="Interface.h">
      <Filter>Include</Filter>
    </ClInclude>
    <ClInclude Include="Histogram.h">
      <Filter>Include</Filter>
    </ClInclude>
  </ItemGroup>
</Project>